PODS:
  - BSGridCollectionViewLayout (1.2.2)
  - BSImagePicker (2.9.0):
    - BSGridCollectionViewLayout (= 1.2.2)
    - BSImageView (= 1.0.2)
  - BSImageView (1.0.2)
  - Flutter (1.0.0)
  - flutter_native_image (0.0.1):
    - Flutter
  - multi_image_picker (4.0.3):
    - BSImagePicker (~> 2.9.0)
    - Flutter

DEPENDENCIES:
  - Flutter (from `.symlinks/flutter/ios`)
  - flutter_native_image (from `.symlinks/plugins/flutter_native_image/ios`)
  - multi_image_picker (from `.symlinks/plugins/multi_image_picker/ios`)

SPEC REPOS:
  https://github.com/cocoapods/specs.git:
    - BSGridCollectionViewLayout
    - BSImagePicker
    - BSImageView

EXTERNAL SOURCES:
  Flutter:
    :path: ".symlinks/flutter/ios"
  flutter_native_image:
    :path: ".symlinks/plugins/flutter_native_image/ios"
  multi_image_picker:
    :path: ".symlinks/plugins/multi_image_picker/ios"

SPEC CHECKSUMS:
  BSGridCollectionViewLayout: 3e6f23b3a2b4f0ca9afae09ca01389d1057f7b32
  BSImagePicker: 553707de1adaad42eac252e0b84d20dbdba83fe9
  BSImageView: ab22ff8cae61f1ae17a3c9efeeb216af3cf84a09
  Flutter: 9d0fac939486c9aba2809b7982dfdbb47a7b0296
  flutter_native_image: 3d9f735f47bf8af7dea28056bf90c03ad4ce531b
  multi_image_picker: 04b522492ace0c25a8761248438a92c90cfe6f53

PODFILE CHECKSUM: ebd43b443038e611b86ede96e613bd6033c49497

COCOAPODS: 1.5.3
